
Microsoft Visual Studio Solution File, Format Version 12.00
# Visual Studio Version 17
VisualStudioVersion = 17.0.32126.317
MinimumVisualStudioVersion = 10.0.40219.1
Project("{FAE04EC0-301F-11D3-BF4B-00C04F79EFBC}") = "ImageLaka", "src\ImageLaka\ImageLaka.csproj", "{B7394000-F600-4118-AA7E-F0DF8BABCCFC}"
EndProject
Project("{2150E333-8FDC-42A3-9474-1A3956D46DE8}") = "Documents", "Documents", "{661B75C6-7367-4B61-B662-398AC704500B}"
EndProject
Global
	GlobalSection(SolutionConfigurationPlatforms) = preSolution
		Debug|Any CPU = Debug|Any CPU
		Release|Any CPU = Release|Any CPU
	EndGlobalSection
	GlobalSection(ProjectConfigurationPlatforms) = postSolution
		{B7394000-F600-4118-AA7E-F0DF8BABCCFC}.Debug|Any CPU.ActiveCfg = Debug|Any CPU
		{B7394000-F600-4118-AA7E-F0DF8BABCCFC}.Debug|Any CPU.Build.0 = Debug|Any CPU
		{B7394000-F600-4118-AA7E-F0DF8BABCCFC}.Release|Any CPU.ActiveCfg = Release|Any CPU
		{B7394000-F600-4118-AA7E-F0DF8BABCCFC}.Release|Any CPU.Build.0 = Release|Any CPU
	EndGlobalSection
	GlobalSection(SolutionProperties) = preSolution
		HideSolutionNode = FALSE
	EndGlobalSection
	GlobalSection(ExtensibilityGlobals) = postSolution
		SolutionGuid = {A953AE50-227F-43A0-8D1D-7175EC5CE848}
	EndGlobalSection
EndGlobal
